
Microsoft Visual Studio Solution File, Format Version 12.00
# Visual Studio 15
VisualStudioVersion = 15.0.27428.2005
MinimumVisualStudioVersion = 10.0.40219.1
Project("{FAE04EC0-301F-11D3-BF4B-00C04F79EFBC}") = "ConsoleTests", "ConsoleTests\ConsoleTests.csproj", "{7251D891-FF48-4341-A762-D82DF4BA1CA3}"
EndProject
Project("{FAE04EC0-301F-11D3-BF4B-00C04F79EFBC}") = "ExpressionTree", "ExpressionTree\ExpressionTree.csproj", "{506C125F-E13E-407F-9954-8DEA3AEB5CBC}"
EndProject
Project("{FAE04EC0-301F-11D3-BF4B-00C04F79EFBC}") = "Sample03", "Sample03\Sample03.csproj", "{4B096486-7457-4911-8280-7BA7A2BB45A0}"
EndProject
Global
	GlobalSection(SolutionConfigurationPlatforms) = preSolution
		Debug|Any CPU = Debug|Any CPU
		Release|Any CPU = Release|Any CPU
	EndGlobalSection
	GlobalSection(ProjectConfigurationPlatforms) = postSolution
		{7251D891-FF48-4341-A762-D82DF4BA1CA3}.Debug|Any CPU.ActiveCfg = Debug|Any CPU
		{7251D891-FF48-4341-A762-D82DF4BA1CA3}.Debug|Any CPU.Build.0 = Debug|Any CPU
		{7251D891-FF48-4341-A762-D82DF4BA1CA3}.Release|Any CPU.ActiveCfg = Release|Any CPU
		{7251D891-FF48-4341-A762-D82DF4BA1CA3}.Release|Any CPU.Build.0 = Release|Any CPU
		{506C125F-E13E-407F-9954-8DEA3AEB5CBC}.Debug|Any CPU.ActiveCfg = Debug|Any CPU
		{506C125F-E13E-407F-9954-8DEA3AEB5CBC}.Debug|Any CPU.Build.0 = Debug|Any CPU
		{506C125F-E13E-407F-9954-8DEA3AEB5CBC}.Release|Any CPU.ActiveCfg = Release|Any CPU
		{506C125F-E13E-407F-9954-8DEA3AEB5CBC}.Release|Any CPU.Build.0 = Release|Any CPU
		{4B096486-7457-4911-8280-7BA7A2BB45A0}.Debug|Any CPU.ActiveCfg = Debug|Any CPU
		{4B096486-7457-4911-8280-7BA7A2BB45A0}.Debug|Any CPU.Build.0 = Debug|Any CPU
		{4B096486-7457-4911-8280-7BA7A2BB45A0}.Release|Any CPU.ActiveCfg = Release|Any CPU
		{4B096486-7457-4911-8280-7BA7A2BB45A0}.Release|Any CPU.Build.0 = Release|Any CPU
	EndGlobalSection
	GlobalSection(SolutionProperties) = preSolution
		HideSolutionNode = FALSE
	EndGlobalSection
	GlobalSection(ExtensibilityGlobals) = postSolution
		SolutionGuid = {68EE5D93-8613-4F3F-945D-73EA7DB17EFF}
	EndGlobalSection
EndGlobal
